{
  "name": "orkid",
  "version": "0.0.0",
  "lockfileVersion": 1,
  "requires": true,
  "dependencies": {
    "cluster-key-slot": {
      "version": "1.0.12",
      "resolved": "https://registry.npmjs.org/cluster-key-slot/-/cluster-key-slot-1.0.12.tgz",
      "integrity": "sha512-21O0kGmvED5OJ7ZTdqQ5lQQ+sjuez33R+d35jZKLwqUb5mqcPHUsxOSzj61+LHVtxGZd1kShbQM3MjB/gBJkVg=="
    },
    "debug": {
      "version": "3.2.6",
      "resolved": "https://registry.npmjs.org/debug/-/debug-3.2.6.tgz",
      "integrity": "sha512-mel+jf7nrtEl5Pn1Qx46zARXKDpBbvzezse7p7LqINmdoIk8PYP5SySaxEmYv6TZ0JyEKA1hsCId6DIhgITtWQ==",
      "requires": {
        "ms": "^2.1.1"
      }
    },
    "denque": {
      "version": "1.4.0",
      "resolved": "https://registry.npmjs.org/denque/-/denque-1.4.0.tgz",
      "integrity": "sha512-gh513ac7aiKrAgjiIBWZG0EASyDF9p4JMWwKA8YU5s9figrL5SRNEMT6FDynsegakuhWd1wVqTvqvqAoDxw7wQ=="
    },
    "flexbuffer": {
      "version": "0.0.6",
      "resolved": "https://registry.npmjs.org/flexbuffer/-/flexbuffer-0.0.6.tgz",
      "integrity": "sha1-A5/fI/iCPkQMOPMnfm/vEXQhWzA="
    },
    "ioredis": {
      "version": "4.5.1",
      "resolved": "https://registry.npmjs.org/ioredis/-/ioredis-4.5.1.tgz",
      "integrity": "sha512-p1BblrFZdb5Oc5EBsEb4EoycDqn7xi/NTNT4bDvo/w6B08eMNO1E7RAOOEA1GAb65+8Hbs2LgUyz3cZOTiP3xg==",
      "requires": {
        "cluster-key-slot": "^1.0.6",
        "debug": "^3.1.0",
        "denque": "^1.1.0",
        "flexbuffer": "0.0.6",
        "lodash.defaults": "^4.2.0",
        "lodash.flatten": "^4.4.0",
        "redis-commands": "1.4.0",
        "redis-errors": "^1.2.0",
        "redis-parser": "^3.0.0",
        "standard-as-callback": "^1.0.0"
      }
    },
    "lodash": {
      "version": "4.17.11",
      "resolved": "https://registry.npmjs.org/lodash/-/lodash-4.17.11.tgz",
      "integrity": "sha512-cQKh8igo5QUhZ7lg38DYWAxMvjSAKG0A8wGSVimP07SIUEK2UO+arSRKbRZWtelMtN5V0Hkwh5ryOto/SshYIg=="
    },
    "lodash.defaults": {
      "version": "4.2.0",
      "resolved": "https://registry.npmjs.org/lodash.defaults/-/lodash.defaults-4.2.0.tgz",
      "integrity": "sha1-0JF4cW/+pN3p5ft7N/bwgCJ0WAw="
    },
    "lodash.flatten": {
      "version": "4.4.0",
      "resolved": "https://registry.npmjs.org/lodash.flatten/-/lodash.flatten-4.4.0.tgz",
      "integrity": "sha1-8xwiIlqWMtK7+OSt2+8kCqdlph8="
    },
    "ms": {
      "version": "2.1.1",
      "resolved": "https://registry.npmjs.org/ms/-/ms-2.1.1.tgz",
      "integrity": "sha512-tgp+dl5cGk28utYktBsrFqA7HKgrhgPsg6Z/EfhWI4gl1Hwq8B/GmY/0oXZ6nF8hDVesS/FpnYaD/kOWhYQvyg=="
    },
    "nanoid": {
      "version": "2.0.1",
      "resolved": "https://registry.npmjs.org/nanoid/-/nanoid-2.0.1.tgz",
      "integrity": "sha512-k1u2uemjIGsn25zmujKnotgniC/gxQ9sdegdezeDiKdkDW56THUMqlz3urndKCXJxA6yPzSZbXx/QCMe/pxqsA=="
    },
    "redis-commands": {
      "version": "1.4.0",
      "resolved": "https://registry.npmjs.org/redis-commands/-/redis-commands-1.4.0.tgz",
      "integrity": "sha512-cu8EF+MtkwI4DLIT0x9P8qNTLFhQD4jLfxLR0cCNkeGzs87FN6879JOJwNQR/1zD7aSYNbU0hgsV9zGY71Itvw=="
    },
    "redis-errors": {
      "version": "1.2.0",
      "resolved": "https://registry.npmjs.org/redis-errors/-/redis-errors-1.2.0.tgz",
      "integrity": "sha1-62LSrbFeTq9GEMBK/hUpOEJQq60="
    },
    "redis-parser": {
      "version": "3.0.0",
      "resolved": "https://registry.npmjs.org/redis-parser/-/redis-parser-3.0.0.tgz",
      "integrity": "sha1-tm2CjNyv5rS4pCin3vTGvKwxyLQ=",
      "requires": {
        "redis-errors": "^1.0.0"
      }
    },
    "shortid": {
      "version": "2.2.14",
      "resolved": "https://registry.npmjs.org/shortid/-/shortid-2.2.14.tgz",
      "integrity": "sha512-4UnZgr9gDdA1kaKj/38IiudfC3KHKhDc1zi/HSxd9FQDR0VLwH3/y79tZJLsVYPsJgIjeHjqIWaWVRJUj9qZOQ==",
      "requires": {
        "nanoid": "^2.0.0"
      }
    },
    "standard-as-callback": {
      "version": "1.0.1",
      "resolved": "https://registry.npmjs.org/standard-as-callback/-/standard-as-callback-1.0.1.tgz",
      "integrity": "sha512-izxEITSyc7S+5oOiF/URiYaNkemPUxIndCNv66jJ548Y1TVxhBvioNMSPrZIQdaZDlhnguOdUzHA/7hJ3xFhuQ=="
    }
  }
}
